
Microsoft Visual Studio Solution File, Format Version 12.00
# Visual Studio Version 16
VisualStudioVersion = 16.0.30907.101
MinimumVisualStudioVersion = 10.0.40219.1
Project("{FAE04EC0-301F-11D3-BF4B-00C04F79EFBC}") = "TesteProgramadorSoftwareMatemarico", "TesteProgramadorSoftwareMatemarico\TesteProgramadorSoftwareMatemarico.csproj", "{C0595E54-EA7B-4826-9A37-6AA1B4ED4EB3}"
EndProject
Global
	GlobalSection(SolutionConfigurationPlatforms) = preSolution
		Debug|Any CPU = Debug|Any CPU
		Release|Any CPU = Release|Any CPU
	EndGlobalSection
	GlobalSection(ProjectConfigurationPlatforms) = postSolution
		{C0595E54-EA7B-4826-9A37-6AA1B4ED4EB3}.Debug|Any CPU.ActiveCfg = Debug|Any CPU
		{C0595E54-EA7B-4826-9A37-6AA1B4ED4EB3}.Debug|Any CPU.Build.0 = Debug|Any CPU
		{C0595E54-EA7B-4826-9A37-6AA1B4ED4EB3}.Release|Any CPU.ActiveCfg = Release|Any CPU
		{C0595E54-EA7B-4826-9A37-6AA1B4ED4EB3}.Release|Any CPU.Build.0 = Release|Any CPU
	EndGlobalSection
	GlobalSection(SolutionProperties) = preSolution
		HideSolutionNode = FALSE
	EndGlobalSection
	GlobalSection(ExtensibilityGlobals) = postSolution
		SolutionGuid = {D8963C43-42EA-432B-8173-EC8513AE5096}
	EndGlobalSection
EndGlobal
